
Microsoft Visual Studio Solution File, Format Version 12.00
# Visual Studio Version 16
VisualStudioVersion = 16.0.30114.105
MinimumVisualStudioVersion = 10.0.40219.1
Project("{FAE04EC0-301F-11D3-BF4B-00C04F79EFBC}") = "Print_ImageFolderName", "Print_ImageFolderName\Print_ImageFolderName.csproj", "{BA97EC0D-7175-4B3D-9499-27C25FB19364}"
EndProject
Global
	GlobalSection(SolutionConfigurationPlatforms) = preSolution
		Debug|Any CPU = Debug|Any CPU
		Release|Any CPU = Release|Any CPU
	EndGlobalSection
	GlobalSection(ProjectConfigurationPlatforms) = postSolution
		{BA97EC0D-7175-4B3D-9499-27C25FB19364}.Debug|Any CPU.ActiveCfg = Debug|Any CPU
		{BA97EC0D-7175-4B3D-9499-27C25FB19364}.Debug|Any CPU.Build.0 = Debug|Any CPU
		{BA97EC0D-7175-4B3D-9499-27C25FB19364}.Release|Any CPU.ActiveCfg = Release|Any CPU
		{BA97EC0D-7175-4B3D-9499-27C25FB19364}.Release|Any CPU.Build.0 = Release|Any CPU
	EndGlobalSection
	GlobalSection(SolutionProperties) = preSolution
		HideSolutionNode = FALSE
	EndGlobalSection
	GlobalSection(ExtensibilityGlobals) = postSolution
		SolutionGuid = {04C53ABF-1B27-45E0-B5EF-AAD91044EB3E}
	EndGlobalSection
EndGlobal
